
Microsoft Visual Studio Solution File, Format Version 12.00
# Visual Studio 15
VisualStudioVersion = 15.0.28010.2003
MinimumVisualStudioVersion = 10.0.40219.1
Project("{FAE04EC0-301F-11D3-BF4B-00C04F79EFBC}") = "TripTracker.BackService", "TripTracker.BackService\TripTracker.BackService.csproj", "{A4E47A52-4492-4EB1-A974-93F0F26ADA2A}"
EndProject
Global
	GlobalSection(SolutionConfigurationPlatforms) = preSolution
		Debug|Any CPU = Debug|Any CPU
		Release|Any CPU = Release|Any CPU
	EndGlobalSection
	GlobalSection(ProjectConfigurationPlatforms) = postSolution
		{A4E47A52-4492-4EB1-A974-93F0F26ADA2A}.Debug|Any CPU.ActiveCfg = Debug|Any CPU
		{A4E47A52-4492-4EB1-A974-93F0F26ADA2A}.Debug|Any CPU.Build.0 = Debug|Any CPU
		{A4E47A52-4492-4EB1-A974-93F0F26ADA2A}.Release|Any CPU.ActiveCfg = Release|Any CPU
		{A4E47A52-4492-4EB1-A974-93F0F26ADA2A}.Release|Any CPU.Build.0 = Release|Any CPU
	EndGlobalSection
	GlobalSection(SolutionProperties) = preSolution
		HideSolutionNode = FALSE
	EndGlobalSection
	GlobalSection(ExtensibilityGlobals) = postSolution
		SolutionGuid = {FE0B63CE-B660-4678-BF4C-F209AD0E5416}
	EndGlobalSection
EndGlobal
